version = 1
revision = 3
requires-python = "==3.13.*"

[[package]]
name = "annotated-types"
version = "0.8.0"
source = { registry = "https://pypi.org/simple" }
sdist = { url = "https://files.pythonhosted.org/packages/5f/56/a8120250d128bed162cd73c76d45f6ef9991f3e068f62a8ee060afa3104a/annotated_types-0.8.0.tar.gz", hash = "sha256:13b2beaad985e05e2d6407ee4c4f35590b11f8d693a258a561055cac8f64cab7", size = 15893, upload-time = "2026-07-23T20:16:13.995Z" }
wheels = [
    { url = "https://files.pythonhosted.org/packages/99/91/8acff4f5e50511b911bbccb72b8628a49c68ce14148cd9f6431094859a90/annotated_types-0.8.0-py3-none-any.whl", hash = "sha256:f072f4d804ea359e4eaf198b1af7a8b0943881a87f31bb764f8bf219bb9419e0", size = 13427, upload-time = "2026-07-23T20:16:12.938Z" },
]

[[package]]
name = "anyio"
version = "4.15.1"
source = { registry = "https://pypi.org/simple" }
dependencies = [
    { name = "idna" },
    { name = "typing-extensions" },
]
sdist = { url = "https://files.pythonhosted.org/packages/a9/d2/f4d173e22df740bc37b1db102b386ba719b66e95b0f0d751f556b387e6d2/anyio-4.15.1.tar.gz", hash = "sha256:9f28306018cbd6d329e64a36d58256edff76dd996fe423bc957326e578b82a94", size = 276966, upload-time = "2026-09-05T10:42:39.44Z" }
wheels = [
    { url = "https://files.pythonhosted.org/packages/12/b8/4bd346e22b28902df4d651910f5242c28d84e4a5c2435ca5c3f797ed7e2e/anyio-4.15.1-py3-none-any.whl", hash = "sha256:6152fdbbf9a77fdec97731721bebf7c4c44f7c29b424b0065826173efc7ed101", size = 132079, upload-time = "2026-09-05T10:42:37.923Z" },
]

[[package]]
name = "aws-lambda-powertools"
version = "3.35.0"
source = { registry = "https://pypi.org/simple" }
dependencies = [
    { name = "jmespath" },
    { name = "typing-extensions" },
]
sdist = { url = "https://files.pythonhosted.org/packages/a9/5b/9b36aa010e686bbe0a8bfb7367430994254a68d1e8c2383af7b3264c6ebb/aws_lambda_powertools-3.35.0.tar.gz", hash = "sha256:27c1c7d7920f214a68a11505dca33ce3709a38c4b79f5fbc94141ec0af92c9f8", size = 803046, upload-time = "2026-09-15T12:18:56.22Z" }
wheels = [
    { url = "https://files.pythonhosted.org/packages/c7/6e/2a2764dd3fef758e8bde3ec5c0fb6e2ceeace2a873ca5def30b6c69a7bcf/aws_lambda_powertools-3.35.0-py3-none-any.whl", hash = "sha256:e8fbc27d74272fb99cbec67305250e825d1630dceb2dbfdcf5908dc9c4c82dcf", size = 960326, upload-time = "2026-09-15T12:18:54.031Z" },
]

[[package]]
name = "boto3"
version = "1.43.108"
source = { registry = "https://pypi.org/simple" }
dependencies = [
    { name = "botocore" },
    { name = "jmespath" },
    { name = "s3transfer" },
]
sdist = { url = "https://files.pythonhosted.org/packages/48/59/fb93b6ebd9ad43eb9a58c7a6da51a0fe24ab0c04bc4d534a0bfc5eba7f59/boto3-1.43.108.tar.gz", hash = "sha256:03341f089158368acf83e921aca98b706095322ca52bc4c039a616940aa5ad41", size = 112682, upload-time = "2026-10-02T19:32:25.211Z" }
wheels = [
    { url = "https://files.pythonhosted.org/packages/74/e4/7e88c40e9f61888e12dac0de41a5fddc2bcd1c3992d9b28e17d915cce0df/boto3-1.43.108-py3-none-any.whl", hash = "sha256:19e9da95ef0c494e27052049a42137550e66730509bb613e76eaa30ddf9a7170", size = 140045, upload-time = "2026-10-02T19:32:23.826Z" },
]

[[package]]
name = "botocore"
version = "1.43.108"
source = { registry = "https://pypi.org/simple" }
dependencies = [
    { name = "jmespath" },
    { name = "python-dateutil" },
    { name = "urllib3" },
]
sdist = { url = "https://files.pythonhosted.org/packages/61/16/6b4477f433da2c11193802f538330ce080076c2f38d817ad437ed3cd1465/botocore-1.43.108.tar.gz", hash = "sha256:ee4f75cf3bdbb0da7912e089950e8112f692016539d939312c771499958e6cfd", size = 16312879, upload-time = "2026-10-02T19:32:20.797Z" }
wheels = [
    { url = "https://files.pythonhosted.org/packages/7a/0b/4670b7e23914b5cc357be5ca45fae503b57d98ecff4b3eabea70412809fd/botocore-1.43.108-py3-none-any.whl", hash = "sha256:ab9d16c6b4350aaa54ed28202dfa2998b2d735fdbf3247eb60af469d8d48a5b8", size = 16008194, upload-time = "2026-10-02T19:32:15.086Z" },
]

[[package]]
name = "botocore-stubs"
version = "1.43.67"
source = { registry = "https://pypi.org/simple" }
sdist = { url = "https://files.pythonhosted.org/packages/3f/45/53d662227dc4787b2c854445ee7eb4751cb5d74cfb5c686a6ecbe1f94c17/botocore_stubs-1.43.67.tar.gz", hash = "sha256:853e74014a1f557055c4ffae5fb38d7c65c7c0520e1aab366cac41d5428f419d", size = 42846, upload-time = "2026-08-08T14:57:53.412Z" }
wheels = [
    { url = "https://files.pythonhosted.org/packages/4e/5e/bdbf19967898a032292da65a47d6e25b2eee55865db4e687f861d80b5602/botocore_stubs-1.43.67-py3-none-any.whl", hash = "sha256:c51262bac3341c1cda71f05fa01141fffd3990d7a92c7960e3b755c1bc830373", size = 67244, upload-time = "2026-08-08T14:57:52.01Z" },
]

[[package]]
name = "certifi"
version = "2026.7.22"
source = { registry = "https://pypi.org/simple" }
sdist = { url = "https://files.pythonhosted.org/packages/a3/c2/24167ea9858356b47a87a50d39908bfdb72ceeefe0041586e704e5376b3a/certifi-2026.7.22.tar.gz", hash = "sha256:741e2c3b351ddf169a738da9f2c048608ff7f2c5cc02f1ebc6b118bb090d5d55", size = 138112, upload-time = "2026-07-22T03:35:12.644Z" }
wheels = [
    { url = "https://files.pythonhosted.org/packages/0b/a7/71ac2cff56fec219ed242bb11b8efb69fcc4bec75db06fb7bfe35de520e6/certifi-2026.7.22-py3-none-any.whl", hash = "sha256:62f22742b58a1a33014a2b6b706588a8d7e2a88ae7bd1a6ebe8c992928483775", size = 136983, upload-time = "2026-07-22T03:35:11.276Z" },
]

[[package]]
name = "h11"
version = "0.16.0"
source = { registry = "https://pypi.org/simple" }
sdist = { url = "https://files.pythonhosted.org/packages/01/ee/02a2c011bdab74c6fb3c75474d40b3052059d95df7e73351460c8588d963/h11-0.16.0.tar.gz", hash = "sha256:4e35b956cf45792e4caa5885e69fba00bdbc6ffafbfa020300e549b208ee5ff1", size = 101250, upload-time = "2025-04-24T03:35:25.427Z" }
wheels = [
    { url = "https://files.pythonhosted.org/packages/04/4b/29cac41a4d98d144bf5f6d33995617b185d14b22401f75ca86f384e87ff1/h11-0.16.0-py3-none-any.whl", hash = "sha256:63cf8bbe7522de3bf65932fda1d9c2772064ffb3dae62d55932da54b31cb6c86", size = 37515, upload-time = "2025-04-24T03:35:24.344Z" },
]

[[package]]
name = "httpcore"
version = "1.0.9"
source = { registry = "https://pypi.org/simple" }
dependencies = [
    { name = "certifi" },
    { name = "h11" },
]
sdist = { url = "https://files.pythonhosted.org/packages/06/94/82699a10bca87a5556c9c59b5963f2d039dbd239f25bc2a63907a05a14cb/httpcore-1.0.9.tar.gz", hash = "sha256:6e34463af53fd2ab5d807f399a9b45ea31c3dfa2276f15a2c3f00afff6e176e8", size = 85484, upload-time = "2025-04-24T22:06:22.219Z" }
wheels = [
    { url = "https://files.pythonhosted.org/packages/7e/f5/f66802a942d491edb555dd61e3a9961140fd64c90bce1eafd741609d334d/httpcore-1.0.9-py3-none-any.whl", hash = "sha256:2d400746a40668fc9dec9810239072b40b4484b640a8c38fd654a024c7a1bf55", size = 78784, upload-time = "2025-04-24T22:06:20.566Z" },
]

[[package]]
name = "httpcore2"
version = "2.13.1"
source = { registry = "https://pypi.org/simple" }
dependencies = [
    { name = "h11" },
    { name = "truststore" },
]
sdist = { url = "https://files.pythonhosted.org/packages/cb/f3/1db7aa2bc2524062192bb0e0323969492d1883152a232fe36eea65f4e35c/httpcore2-2.13.1.tar.gz", hash = "sha256:e0aa977abe17e69a3b820a24542a6fa88702676d83880b8d194dcd18408e5103", size = 68071, upload-time = "2026-09-23T07:47:22.372Z" }
wheels = [
    { url = "https://files.pythonhosted.org/packages/09/ba/a4568248771ce81957bfb7cc600264a40fbcda092391ee1c415c50be4bea/httpcore2-2.13.1-py3-none-any.whl", hash = "sha256:e1e05d4f25f7d7d496bfb96748f6f4b67657b03da069b3a68c36069f3db73d0a", size = 83423, upload-time = "2026-09-23T07:47:19.365Z" },
]

[[package]]
name = "httpx"
version = "0.28.1"
source = { registry = "https://pypi.org/simple" }
dependencies = [
    { name = "anyio" },
    { name = "certifi" },
    { name = "httpcore" },
    { name = "idna" },
]
sdist = { url = "https://files.pythonhosted.org/packages/b1/df/48c586a5fe32a0f01324ee087459e112ebb7224f646c0b5023f5e79e9956/httpx-0.28.1.tar.gz", hash = "sha256:75e98c5f16b0f35b567856f597f06ff2270a374470a5c2392242528e3e3e42fc", size = 141406, upload-time = "2024-12-06T15:37:23.222Z" }
wheels = [
    { url = "https://files.pythonhosted.org/packages/2a/39/e50c7c3a983047577ee07d2a9e53faf5a69493943ec3f6a384bdc792deb2/httpx-0.28.1-py3-none-any.whl", hash = "sha256:d909fcccc110f8c7faf814ca82a9a4d816bc5a6dbfea25d6591d6985b8ba59ad", size = 73517, upload-time = "2024-12-06T15:37:21.509Z" },
]

[[package]]
name = "httpx2"
version = "2.13.1"
source = { registry = "https://pypi.org/simple" }
dependencies = [
    { name = "anyio", marker = "sys_platform != 'emscripten'" },
    { name = "httpcore2", marker = "sys_platform != 'emscripten'" },
    { name = "httpx2-jsfetch", marker = "sys_platform == 'emscripten'" },
    { name = "idna" },
    { name = "truststore", marker = "sys_platform != 'emscripten'" },
]
sdist = { url = "https://files.pythonhosted.org/packages/d5/44/474bef2a0e9d90f1715d32cb98b0738695ca17ba324095fb2497ed7fbd59/httpx2-2.13.1.tar.gz", hash = "sha256:e48744a19e3af5ee48313d0ce5fe941d5422fae5705ea922a4aabf94d7800dfa", size = 100405, upload-time = "2026-09-23T07:47:23.052Z" }
wheels = [
    { url = "https://files.pythonhosted.org/packages/d8/9c/6fe8931fd9f381042a9e4c7d5a7b4cbf7016b252bec0c99a49fce42c3326/httpx2-2.13.1-py3-none-any.whl", hash = "sha256:6dff50fabc270ee5fd25d845d0b078ed20564579744d6d962850975996d2f9a4", size = 95597, upload-time = "2026-09-23T07:47:20.995Z" },
]

[[package]]
name = "httpx2-jsfetch"
version = "1.0"
source = { registry = "https://pypi.org/simple" }
sdist = { url = "https://files.pythonhosted.org/packages/cd/c4/0e5636363151a2a1795e0a77617168b9ca438e1748ec05fc9b5687f93d64/httpx2_jsfetch-1.0.tar.gz", hash = "sha256:70a0e3eabfef7cce5ad9c629f7d01ca05e418f586646f4ddf14782e4c1454c60", size = 6872, upload-time = "2026-08-07T00:13:07.492Z" }
wheels = [
    { url = "https://files.pythonhosted.org/packages/9b/43/832f631d32e4f1211caa2ba368317739fe71f0b8530e4c9d15dc454bac2a/httpx2_jsfetch-1.0-py3-none-any.whl", hash = "sha256:cb916b707601e69a07721aabc8f3f6659be3a6893bc1ff5c6f9e02241df2da32", size = 6382, upload-time = "2026-08-07T00:13:06.567Z" },
]

[[package]]
name = "idna"
version = "3.20"
source = { registry = "https://pypi.org/simple" }
sdist = { url = "https://files.pythonhosted.org/packages/f5/08/8eea9d4b8302028f3abb2c0813953f7aec26d33b7a8960ed760e65ff29fa/idna-3.20.tar.gz", hash = "sha256:a7db850025b95ded1eae8a46181a1a6c56c92c96f0e2b005d9ff8dc0210cab44", size = 216463, upload-time = "2026-09-17T14:11:04.752Z" }
wheels = [
    { url = "https://files.pythonhosted.org/packages/58/a2/bb081bab032533a855d44de1d56f8e8426114ff1ba5d1f07a438a0a654f8/idna-3.20-py3-none-any.whl", hash = "sha256:ab7ae7122974553370f0bdb919e1a960b2cd1bc1ef0276416d896db81c14582c", size = 69583, upload-time = "2026-09-17T14:11:03.168Z" },
]

[[package]]
name = "jiter"
version = "0.17.0"
source = { registry = "https://pypi.org/simple" }
sdist = { url = "https://files.pythonhosted.org/packages/9c/1f/8176d92e001f86505424b41664032ae26a882bc9ca41a32c803f373f9195/jiter-0.17.0.tar.gz", hash = "sha256:03e432f226a453851079fb84cd17c6da9991eab723e28d716f14ae3d906e0c12", size = 229037, upload-time = "2026-09-12T15:14:14.253Z" }
wheels = [
    { url = "https://files.pythonhosted.org/packages/40/eb/2c4a8075ed5ea02b56911e9375d4c8d7784572ff4af32e5a99ae0d071044/jiter-0.17.0-cp313-cp313-macosx_10_12_x86_64.whl", hash = "sha256:1b18434638228c0c184281609bf3d9459026a0f1ea48fb76c205e3ef72069caa", size = 290991, upload-time = "2026-09-12T15:12:11.641Z" },
    { url = "https://files.pythonhosted.org/packages/ca/b1/34bfa29599d420423baac6ff7cada6674fe63d5a7a2ccb3900b904678783/jiter-0.17.0-cp313-cp313-macosx_11_0_arm64.whl", hash = "sha256:ec89771f4272b989487a6364e519db6bbaba323e8bbf949ac89a45ea9c18b7a3", size = 321425, upload-time = "2026-09-12T15:12:13.855Z" },
    { url = "https://files.pythonhosted.org/packages/11/71/a5ac64a62a04aebd556afadab14a6b730001e16df87266ded943a100a1d9/jiter-0.17.0-cp313-cp313-manylinux_2_17_aarch64.manylinux2014_aarch64.whl", hash = "sha256:4e3f052c671d5f425cca5ea5901cf11a831369fba4a55a3862cab93c323b4c3b", size = 343138, upload-time = "2026-09-12T15:12:15.046Z" },
    { url = "https://files.pythonhosted.org/packages/01/dd/f761e320ea473314cb68612bc6a435393464dbd198051399b36848b4ebf3/jiter-0.17.0-cp313-cp313-manylinux_2_17_armv7l.manylinux2014_armv7l.whl", hash = "sha256:785a216bbaf8f15fc974e964ced7322cd3d774bb0e86949edd78c6bffd6ba35b", size = 325805, upload-time = "2026-09-12T15:12:16.506Z" },
    { url = "https://files.pythonhosted.org/packages/19/1a/27d8e40f0fb29bbc7a5adf30907144396a115dbe93d5d8976c054a6dfe96/jiter-0.17.0-cp313-cp313-manylinux_2_17_ppc64le.manylinux2014_ppc64le.whl", hash = "sha256:d85c558c9f8532bba287a990ac63767c7daf756f0d8c030219f62499b1fa228a", size = 340230, upload-time = "2026-09-12T15:12:17.682Z" },
    { url = "https://files.pythonhosted.org/packages/ac/c0/30bcde78a28155461f965d16b7aca4ffca6d17494d905f7a0bb072e6c64e/jiter-0.17.0-cp313-cp313-manylinux_2_17_s390x.manylinux2014_s390x.whl", hash = "sha256:5c23849235d2142ce444b2b8c6eceee9f82f4cc0bd5c9081602e4155c6197807", size = 351343, upload-time = "2026-09-12T15:12:19.337Z" },
    { url = "https://files.pythonhosted.org/packages/27/17/91420b156315ae22732f5ee1a7b5725a030aab9dc8fd7dcdacfb4aa588d3/jiter-0.17.0-cp313-cp313-manylinux_2_17_x86_64.manylinux2014_x86_64.whl", hash = "sha256:58df29268a95e910f17db7ec9178eb7f15aa8619aaca3575275c4e6b3f4fe4c5", size = 344990, upload-time = "2026-09-12T15:12:20.705Z" },
    { url = "https://files.pythonhosted.org/packages/6d/a2/ae6d5672644cc11127970277c9aeb0fa6fae376845587f5b0a8e8828167c/jiter-0.17.0-cp313-cp313-manylinux_2_31_riscv64.whl", hash = "sha256:a277f97eba7d66b1ee27eb5dab5b774ff46a10c78d89a1d3dcce04ce1357c8ca", size = 328624, upload-time = "2026-09-12T15:12:23.859Z" },
    { url = "https://files.pythonhosted.org/packages/04/62/45cb1162f6aa586536e4a973fc339d72dc6b08cca030d70a838a307aa778/jiter-0.17.0-cp313-cp313-manylinux_2_5_i686.manylinux1_i686.whl", hash = "sha256:fe15ddf316f1f1f643347d3a474e74ce61880c79a11ec5dca53df20c071bd3e8", size = 334731, upload-time = "2026-09-12T15:12:25.229Z" },
    { url = "https://files.pythonhosted.org/packages/d9/5f/45c1574b644da7deda0b7591c349520dcf83ce45b24d7ca19922dab1fc27/jiter-0.17.0-cp313-cp313-musllinux_1_1_aarch64.whl", hash = "sha256:02adebb7ce6413c44d40af9ad59d1c1cd79630ccdcb6f7bdd2d461e48c03d8f9", size = 483649, upload-time = "2026-09-12T15:12:27.557Z" },
    { url = "https://files.pythonhosted.org/packages/c1/d3/ebea1ecb5b241c519f192b30215c79a8e47f42f1621acbcd6f8830728416/jiter-0.17.0-cp313-cp313-musllinux_1_1_x86_64.whl", hash = "sha256:55d0e0e613a3f9ad600cf436e0e2b8057d1b52bcf1d91b2d36ac53451231e6a8", size = 520758, upload-time = "2026-09-12T15:12:28.99Z" },
    { url = "https://files.pythonhosted.org/packages/64/e6/682b641ff0765ea9bdc349dbc7d223de5c8af8ec1abda0db3406992f92fe/jiter-0.17.0-cp313-cp313-win32.whl", hash = "sha256:2c45ad7c973ef33fe5114a953377b35a95240f4542c0724d9f781e47dc24bac7", size = 184334, upload-time = "2026-09-12T15:12:30.813Z" },
    { url = "https://files.pythonhosted.org/packages/b8/d2/9a49aac2b27af4cc5015e368c0cc3588491a532f717a668ffce1f1ac57da/jiter-0.17.0-cp313-cp313-win_amd64.whl", hash = "sha256:a3cebb1fe4a1abb00465f3f8a17e09112603e8b7c59e5c3adbcd9f7815a64acd", size = 226601, upload-time = "2026-09-12T15:12:32.096Z" },
    { url = "https://files.pythonhosted.org/packages/b4/ce/9a43e9f614608eafa78de22aedcff54cd21324467b5d442d5c9b00244145/jiter-0.17.0-cp313-cp313-win_arm64.whl", hash = "sha256:96b8b0c6dc5d78682f54a450785e075aa929cde768304cad363cd4efba5a82ac", size = 183103, upload-time = "2026-09-12T15:12:34.396Z" },
]

[[package]]
name = "jmespath"
version = "1.1.0"
source = { registry = "https://pypi.org/simple" }
sdist = { url = "https://files.pythonhosted.org/packages/d3/59/322338183ecda247fb5d1763a6cbe46eff7222eaeebafd9fa65d4bf5cb11/jmespath-1.1.0.tar.gz", hash = "sha256:472c87d80f36026ae83c6ddd0f1d05d4e510134ed462851fd5f754c8c3cbb88d", size = 27377, upload-time = "2026-01-22T16:35:26.279Z" }
wheels = [
    { url = "https://files.pythonhosted.org/packages/14/2f/967ba146e6d58cf6a652da73885f52fc68001525b4197effc174321d70b4/jmespath-1.1.0-py3-none-any.whl", hash = "sha256:a5663118de4908c91729bea0acadca56526eb2698e83de10cd116ae0f4e97c64", size = 20419, upload-time = "2026-01-22T16:35:24.919Z" },
]

[[package]]
name = "nodeenv"
version = "1.11.0"
source = { registry = "https://pypi.org/simple" }
sdist = { url = "https://files.pythonhosted.org/packages/9a/8e/105de02c1322cfada6d9710d9146ef8026419d433c9d08359a2d35805811/nodeenv-1.11.0.tar.gz", hash = "sha256:3ce8fe5b71d16e8af7039ca65257354100bc772965d6bc549070649e53b1b146", size = 99301, upload-time = "2026-09-26T11:29:21.367Z" }
wheels = [
    { url = "https://files.pythonhosted.org/packages/54/c8/12811c9b48fde162bb72b6f2e78fada9a247a09d7bb5be2050a5d099c77b/nodeenv-1.11.0-py2.py3-none-any.whl", hash = "sha256:edaa16e6c14d7cf395d75d4bbd5a26390f4dc06501a33b4e76282b02cc688a25", size = 34277, upload-time = "2026-09-26T11:29:19.933Z" },
]

[[package]]
name = "openai"
version = "3.24.0"
source = { registry = "https://pypi.org/simple" }
dependencies = [
    { name = "anyio" },
    { name = "httpx2" },
    { name = "jiter" },
    { name = "pydantic" },
    { name = "sniffio" },
    { name = "typing-extensions" },
]
sdist = { url = "https://files.pythonhosted.org/packages/73/4f/e57670227cb7b61362d8f9bfba54d4e9f7bde799798c342782788bc12d6c/openai-3.24.0.tar.gz", hash = "sha256:1e7463f7d78773ab2ce4fe85710481aa5bd5ffefd54c8de4b067506cd2d42895", size = 1797218, upload-time = "2026-10-02T15:55:18.851Z" }
wheels = [
    { url = "https://files.pythonhosted.org/packages/f2/01/32baec3bdb83d36da27281d7eeac2647241345cf8ff538bc21d1013ddeec/openai-3.24.0-py3-none-any.whl", hash = "sha256:b59703a3e3b5df78b269e90049d383a1dda58c90104cc4be59db21078db4b7a4", size = 2127166, upload-time = "2026-10-02T15:55:16.228Z" },
]

[package.optional-dependencies]
bedrock = [
    { name = "botocore" },
    { name = "urllib3" },
]

[[package]]
name = "pydantic"
version = "2.13.5"
source = { registry = "https://pypi.org/simple" }
dependencies = [
    { name = "annotated-types" },
    { name = "pydantic-core" },
    { name = "typing-extensions" },
    { name = "typing-inspection" },
]
sdist = { url = "https://files.pythonhosted.org/packages/53/ef/fc4f868f4e2cee79f863883abffceff107875f569b848507319842d2a681/pydantic-2.13.5.tar.gz", hash = "sha256:51a9c5f7b2f8e636f04c6cada605d9b6a3bf1348fdf945a3d8869b19bba0ee08", size = 845750, upload-time = "2026-08-28T14:04:00.916Z" }
wheels = [
    { url = "https://files.pythonhosted.org/packages/eb/47/c95ffc2009878c7aac0c5e08528022dcb885933252a88b5f170058014464/pydantic-2.13.5-py3-none-any.whl", hash = "sha256:346a034f080da3755d8e9cb5e00e8b07de1d39e4f6e2c87d8ab7cafa0b269a73", size = 472589, upload-time = "2026-08-28T14:03:59.136Z" },
]

[[package]]
name = "pydantic-core"
version = "2.46.5"
source = { registry = "https://pypi.org/simple" }
dependencies = [
    { name = "typing-extensions" },
]
sdist = { url = "https://files.pythonhosted.org/packages/af/f9/8a06bea35ef8daf588f707784c973a7046e0034c8d8cfb08828eeffb8b75/pydantic_core-2.46.5.tar.gz", hash = "sha256:10416c15b8839ecc4ef4d0885da76da6fd0f67333a0eb8aff6d93c4b8f2910fc", size = 472262, upload-time = "2026-08-28T10:01:31.677Z" }
wheels = [
    { url = "https://files.pythonhosted.org/packages/f5/37/5abe39a8372a61d3dc3c1338fc504281c01b32fdb3169cd7187153b56d3e/pydantic_core-2.46.5-cp313-cp313-macosx_10_12_x86_64.whl", hash = "sha256:b7ca9034437b6022f941f4857459562ee00a560b97e7cce8a0ec5a74fc6766e0", size = 2075885, upload-time = "2026-08-28T09:58:47.856Z" },
    { url = "https://files.pythonhosted.org/packages/21/43/6323b1f8b217780454c61304bcd2b38ae4762f50754414124603ccc90bb2/pydantic_core-2.46.5-cp313-cp313-macosx_11_0_arm64.whl", hash = "sha256:f332f0e72a5a0400141f830744e141bf9f97917878dbe968669e8a7fefea78ff", size = 1922768, upload-time = "2026-08-28T09:58:49.58Z" },
    { url = "https://files.pythonhosted.org/packages/0f/a3/c05ca796e1197618a774b01e596aeedfefc2f7d8c01ae3054e910b120e8a/pydantic_core-2.46.5-cp313-cp313-manylinux_2_17_aarch64.manylinux2014_aarch64.whl", hash = "sha256:193375f3548919d3f0b60936ca113ada3e38f264f91b9b8e0508efaad57be931", size = 1951241, upload-time = "2026-08-28T09:58:51.511Z" },
    { url = "https://files.pythonhosted.org/packages/68/32/33bc39ac705c52cffc908e8389f9754fdb208aea5c69cceddf4eb3ce99af/pydantic_core-2.46.5-cp313-cp313-manylinux_2_17_armv7l.manylinux2014_armv7l.whl", hash = "sha256:79bdfa52f843137045b2d081cc05c120ba6665d29b7559c2c47690906f39279f", size = 2031975, upload-time = "2026-08-28T09:58:53.166Z" },
    { url = "https://files.pythonhosted.org/packages/b0/70/2333e885c0f6a67bc105c5916965dac9b57f2718ee20d81d1a06a4ebdc13/pydantic_core-2.46.5-cp313-cp313-manylinux_2_17_ppc64le.manylinux2014_ppc64le.whl", hash = "sha256:24922243639cbdac66c75fcb6fd6495a9cb52b213d62f9a0d16f0310b1ff8038", size = 2208542, upload-time = "2026-08-28T09:58:55.017Z" },
    { url = "https://files.pythonhosted.org/packages/f7/ea/296debfb4264207bbda5936133892e027c0a58875ad53ebd512fba8ec3a2/pydantic_core-2.46.5-cp313-cp313-manylinux_2_17_s390x.manylinux2014_s390x.whl", hash = "sha256:c76fe65e607be28c7fd4d56fc3c42b1583aa058ce3408b7ad0fd540171d31f9f", size = 2264692, upload-time = "2026-08-28T09:58:56.767Z" },
    { url = "https://files.pythonhosted.org/packages/d3/f2/9e4de77a6271e07a76d2d58b11c091a979c191ed2939bf80067568b369d2/pydantic_core-2.46.5-cp313-cp313-manylinux_2_17_x86_64.manylinux2014_x86_64.whl", hash = "sha256:6f7b393a8b3da82f5c1fc0751e6d01ac6c55b93c18226a60bdfba4a724efafd1", size = 2066633, upload-time = "2026-08-28T09:58:58.531Z" },
    { url = "https://files.pythonhosted.org/packages/8d/db/f9e9d0c97445987b2084823d5c240de88087338f04fc2cfaa2df186b8049/pydantic_core-2.46.5-cp313-cp313-manylinux_2_31_riscv64.whl", hash = "sha256:7ac031912d54f3d83ef3b3eb98dfabc1608802e2202263d25957eeed40b94761", size = 2105235, upload-time = "2026-08-28T09:59:00.421Z" },
    { url = "https://files.pythonhosted.org/packages/07/c5/79169b047b3b2c3e99e04bc76372af9637e0bf6db638274fa927df96369e/pydantic_core-2.46.5-cp313-cp313-manylinux_2_5_i686.manylinux1_i686.whl", hash = "sha256:837b396ca3d7b74091ca623f6cbd8351bd42d670a79c2683e79fb089f06a2de5", size = 2157367, upload-time = "2026-08-28T09:59:02.442Z" },
    { url = "https://files.pythonhosted.org/packages/26/b5/ba6057afb7c291bd449f51b867f95aef2072941c4ce4e5c31d6ffd132d3b/pydantic_core-2.46.5-cp313-cp313-musllinux_1_1_aarch64.whl", hash = "sha256:5ee239d575f80b08eca11f6e20f90c4c695de7825c67eefe6091fbf20dda648e", size = 2158420, upload-time = "2026-08-28T09:59:04.2Z" },
    { url = "https://files.pythonhosted.org/packages/6e/28/2057abecaafdc22912afa819603a51f0a62d40643b7c4871c51721fea9be/pydantic_core-2.46.5-cp313-cp313-musllinux_1_1_armv7l.whl", hash = "sha256:e80675d75ae2cd14372cb65cad5400d9347a3d3f6c13000183f22dfd027283ed", size = 2309588, upload-time = "2026-08-28T09:59:06.048Z" },
    { url = "https://files.pythonhosted.org/packages/71/9d/881156dc404e27479c4246128d73538464cab4a239bec61995e227644c30/pydantic_core-2.46.5-cp313-cp313-musllinux_1_1_x86_64.whl", hash = "sha256:9c4b71f10dd532fb7a5cbc8f58707779e64f03a258c2bf8bfbaecfcd9970b519", size = 2341866, upload-time = "2026-08-28T09:59:08.539Z" },
    { url = "https://files.pythonhosted.org/packages/5a/38/d66f443a259f84d13babdceae568e572b0ed26da17ca5d0a649ebb110a67/pydantic_core-2.46.5-cp313-cp313-win32.whl", hash = "sha256:97bf8de4d541598c94a59344eeb988a94c08ff76b5723c41f6567ec18c7892ea", size = 1938580, upload-time = "2026-08-28T09:59:10.402Z" },
    { url = "https://files.pythonhosted.org/packages/2c/1e/1d5371213f4cc9a7ed70c0bfcc7911de22311ee99a662a56077d7292d2ac/pydantic_core-2.46.5-cp313-cp313-win_amd64.whl", hash = "sha256:15f4a94963c95accac15b7b657bb177d3ad82bb90b0d0526d9a9b85079925db5", size = 2041980, upload-time = "2026-08-28T09:59:12.396Z" },
    { url = "https://files.pythonhosted.org/packages/5a/48/4222d90b1c67568bace4dec6dca6271449c66de3595d72b6d098f5fde597/pydantic_core-2.46.5-cp313-cp313-win_arm64.whl", hash = "sha256:d22a945598fb91236b4dd793a6e42e4f3dd7740bb5aace5ebd7d4c08d13bb575", size = 1997213, upload-time = "2026-08-28T09:59:14.245Z" },
]

[[package]]
name = "pydantic-settings"
version = "2.15.0"
source = { registry = "https://pypi.org/simple" }
dependencies = [
    { name = "pydantic" },
    { name = "python-dotenv" },
    { name = "typing-inspection" },
]
sdist = { url = "https://files.pythonhosted.org/packages/68/ca/31c57507b13119d7d3cfa1576dad2911a4861e3be07b579395f4e9d393f9/pydantic_settings-2.15.0.tar.gz", hash = "sha256:694b793e84f766ba76a90ebdefc01d0a9a045dab0382bee70393da93712ad117", size = 261253, upload-time = "2026-08-07T09:24:57.419Z" }
wheels = [
    { url = "https://files.pythonhosted.org/packages/30/a4/2bffa9f8e804325a09867f0e9d30795c80ea9f8d62560bd1b6ad6220eb2f/pydantic_settings-2.15.0-py3-none-any.whl", hash = "sha256:0ba092c291c94baceb5eff768aa0d56400a457585bc0175925a5a5510303da42", size = 69413, upload-time = "2026-08-07T09:24:55.839Z" },
]

[[package]]
name = "pyright"
version = "1.1.414"
source = { registry = "https://pypi.org/simple" }
dependencies = [
    { name = "nodeenv" },
    { name = "typing-extensions" },
]
sdist = { url = "https://files.pythonhosted.org/packages/e1/1b/244c7b710031ada80f27e579ec20d28a2285dfc318fed0339866b1047f12/pyright-1.1.414.tar.gz", hash = "sha256:523c0a97c60da6333234955c277730c9cf4f5bd6d5399e7b7d2b0fc5d3599524", size = 4154638, upload-time = "2026-09-10T12:26:53.181Z" }
wheels = [
    { url = "https://files.pythonhosted.org/packages/d7/ba/18b6e682ead424ad24bcc134339ae5d1b931cd9ae260540592a058a91279/pyright-1.1.414-py3-none-any.whl", hash = "sha256:2a6b4b3298c9eec174c5ed83bd338de6eee82df2992f3e1930e6199d381be36f", size = 6225049, upload-time = "2026-09-10T12:26:51.427Z" },
]

[[package]]
name = "python-dateutil"
version = "2.9.0.post0"
source = { registry = "https://pypi.org/simple" }
dependencies = [
    { name = "six" },
]
sdist = { url = "https://files.pythonhosted.org/packages/66/c0/0c8b6ad9f17a802ee498c46e004a0eb49bc148f2fd230864601a86dcf6db/python-dateutil-2.9.0.post0.tar.gz", hash = "sha256:37dd54208da7e1cd875388217d5e00ebd4179249f90fb72437e91a35459a0ad3", size = 342432, upload-time = "2024-03-01T18:36:20.211Z" }
wheels = [
    { url = "https://files.pythonhosted.org/packages/ec/57/56b9bcc3c9c6a792fcbaf139543cee77261f3651ca9da0c93f5c1221264b/python_dateutil-2.9.0.post0-py2.py3-none-any.whl", hash = "sha256:a8b2bc7bffae282281c8140a97d3aa9c14da0b136dfe83f850eea9a5f7470427", size = 229892, upload-time = "2024-03-01T18:36:18.57Z" },
]

[[package]]
name = "python-dotenv"
version = "1.2.4"
source = { registry = "https://pypi.org/simple" }
sdist = { url = "https://files.pythonhosted.org/packages/74/26/2fbeedb218a787a5eea551c7532cac4e009f83d689dd2faa0d0353473f86/python_dotenv-1.2.4.tar.gz", hash = "sha256:f0d53e69935a851c0dcc78f3ab7aaccd8cabef0b92382b576b824212902873c0", size = 60824, upload-time = "2026-10-01T05:36:10Z" }
wheels = [
    { url = "https://files.pythonhosted.org/packages/60/d1/38f3a3405989a89ac18390803e70c6ad7c7760da4f9b83cbeca0c44a0c72/python_dotenv-1.2.4-py3-none-any.whl", hash = "sha256:42269a8a5b3fd54ffa6f3d84b18abed50064717576b4ecf03dc4a55d8aa04fdc", size = 23266, upload-time = "2026-10-01T05:36:08.633Z" },
]

[[package]]
name = "python-ulid"
version = "4.0.1"
source = { registry = "https://pypi.org/simple" }
sdist = { url = "https://files.pythonhosted.org/packages/d6/41/65079023c81491a21799c0120bce5925366b6913596bf797806f19973290/python_ulid-4.0.1.tar.gz", hash = "sha256:bbeec02556190bb9dc3401faa7268696acbfbe7b6db9908c155dc3548629f20c", size = 101683, upload-time = "2026-07-20T15:21:41.256Z" }
wheels = [
    { url = "https://files.pythonhosted.org/packages/b4/15/8b39b36f55b6618ec4ca9b55134dcfd9c04cecbc72709f5d8e6bdebed9cd/python_ulid-4.0.1-py3-none-any.whl", hash = "sha256:6f1d69ceb97e99fe542df8476ebcd7a668284bf53ee14b3106bcc6a341a95ed9", size = 14609, upload-time = "2026-07-20T15:21:40.214Z" },
]

[[package]]
name = "ruff"
version = "0.16.10"
source = { registry = "https://pypi.org/simple" }
sdist = { url = "https://files.pythonhosted.org/packages/c4/49/23802c45f093eb14bde54b141d2b2f058edfa63a06db7beed047308cc08f/ruff-0.16.10.tar.gz", hash = "sha256:eff4728c4eaae93f0955cd264d24b2ab348e74bf59986ccf282ba6dc16b3b017", size = 4958724, upload-time = "2026-10-01T18:03:21.697Z" }
wheels = [
    { url = "https://files.pythonhosted.org/packages/2f/21/ebce22e1d90cdb2cd691026b9c6e9bec6499f0b396089481755b5d49efff/ruff-0.16.10-py3-none-linux_armv6l.whl", hash = "sha256:488b0fe3f3574210e5cf80d9f59b9e3ab17a127a8155de3f307b392589cfb511", size = 10095557, upload-time = "2026-10-01T18:02:36.072Z" },
    { url = "https://files.pythonhosted.org/packages/cb/98/a54de85876a8b2612bfa0d84c7b9abfb39c6a3354aee7800b09c1649b9e3/ruff-0.16.10-py3-none-macosx_10_12_x86_64.whl", hash = "sha256:e748ff95c934c4e978783b8e687bc174e7bd84e8ad24e3243e1ecfcda5e0282d", size = 10340577, upload-time = "2026-10-01T18:02:39.258Z" },
    { url = "https://files.pythonhosted.org/packages/9f/16/1a5a4a2657effe4806110f2b907313802f1367fcdbb29e8122766e407fab/ruff-0.16.10-py3-none-macosx_11_0_arm64.whl", hash = "sha256:3031a4a2e8e7b8a46f70be45f198c35a11ece509a94b80334d8d397a33c67550", size = 9774282, upload-time = "2026-10-01T18:02:41.79Z" },
    { url = "https://files.pythonhosted.org/packages/6e/fb/470085af734da396e68cd80fb0a3e7c109a459716ae59588c0f6fab8a17d/ruff-0.16.10-py3-none-manylinux_2_17_aarch64.manylinux2014_aarch64.whl", hash = "sha256:494401c86df4c4c25f69b9419605d944467ee98c42fb6ad405ef4fa40b8fb67d", size = 9920895, upload-time = "2026-10-01T18:02:44.458Z" },
    { url = "https://files.pythonhosted.org/packages/57/de/f10cffe4f88a37ea6615ec460f01bf76f0bc1477737a35d9ee61a630a78b/ruff-0.16.10-py3-none-manylinux_2_17_armv7l.manylinux2014_armv7l.whl", hash = "sha256:d203abc0ff2b773ee33d00ab8df0bb67046fbc7c07b119332f08b9b345cf8221", size = 9902707, upload-time = "2026-10-01T18:02:47.041Z" },
    { url = "https://files.pythonhosted.org/packages/ff/44/3fdcedf83ae60ef837dd239170e480dce606a9142cfa2db911afdf855fd9/ruff-0.16.10-py3-none-manylinux_2_17_i686.manylinux2014_i686.whl", hash = "sha256:bd83d1235a5258d318477bc5b576303974cbdef5df0c01a1bff14efcc23bd12a", size = 10619287, upload-time = "2026-10-01T18:02:49.485Z" },
    { url = "https://files.pythonhosted.org/packages/c1/62/02e76a5574002153618eafbb70e159468addc72a5d2c488e65cbb4639d2d/ruff-0.16.10-py3-none-manylinux_2_17_ppc64le.manylinux2014_ppc64le.whl", hash = "sha256:bc2610fb269fa56dd8a68669ae470fa6272902668c0fc2ebc3aa112b2633d5b8", size = 11339942, upload-time = "2026-10-01T18:02:52.008Z" },
    { url = "https://files.pythonhosted.org/packages/6b/c4/cde27d47ad8d4126c587e608c67c46e7feac11763f606d261a1bc8a489e6/ruff-0.16.10-py3-none-manylinux_2_17_s390x.manylinux2014_s390x.whl", hash = "sha256:3e70175e29cc94c26ea296c80e470180b744b7419026898e58f520c6ab32578e", size = 10934316, upload-time = "2026-10-01T18:02:54.811Z" },
    { url = "https://files.pythonhosted.org/packages/e4/03/17234145f302a645a123e8c3bb2411ecf4669fbc350de3b0d803230a1729/ruff-0.16.10-py3-none-manylinux_2_17_x86_64.manylinux2014_x86_64.whl", hash = "sha256:f33f43a864a8483eebd160e713336c8bab02c934feaff0a33cf5ccb41546d09a", size = 10387968, upload-time = "2026-10-01T18:02:57.497Z" },
    { url = "https://files.pythonhosted.org/packages/71/29/2493af60240ee7644b38a4b821f5f9c3b5a4fa3178770fe1d0c685217395/ruff-0.16.10-py3-none-manylinux_2_31_riscv64.whl", hash = "sha256:1dfc6f0088149fb6a362c1c446bcbb3fd2157b3852fe2fa68409276eab9ad9b3", size = 10537906, upload-time = "2026-10-01T18:03:00.006Z" },
    { url = "https://files.pythonhosted.org/packages/2e/9a/f56b28f3b143bb9e518c34fb89ab191b626bca8b70dbf8af0d2e2d473572/ruff-0.16.10-py3-none-musllinux_1_2_aarch64.whl", hash = "sha256:6553498afc35f580f036030795810b9e6bcea31604b0fd9e8d352795473042e3", size = 10012938, upload-time = "2026-10-01T18:03:03.006Z" },
    { url = "https://files.pythonhosted.org/packages/c2/c4/fca37362848ea4d4d80712df13632e645e7c7cfb1bdedf140699ac7a090b/ruff-0.16.10-py3-none-musllinux_1_2_armv7l.whl", hash = "sha256:a3b8471dea115d37f123882be852bed13403746d3a76c11de4a19ec5f9ff5a03", size = 9897945, upload-time = "2026-10-01T18:03:05.818Z" },
    { url = "https://files.pythonhosted.org/packages/7d/c7/e0bc57664d6e0c61fd22f620af260fe9662d7e1ddb320ea7f160e76ef165/ruff-0.16.10-py3-none-musllinux_1_2_i686.whl", hash = "sha256:92e59a70bcbd9d3a5483656da906ec28edfdacfce00afd99edb8b4e9d15644be", size = 10333134, upload-time = "2026-10-01T18:03:08.25Z" },
    { url = "https://files.pythonhosted.org/packages/21/aa/5c9f3b68737c0e4a33a1db5dfab44f7b786d96ca91a7233112ddab1e6dc2/ruff-0.16.10-py3-none-musllinux_1_2_x86_64.whl", hash = "sha256:7ae7375f803b5520dc9f546bed7e3a0acb70b91812e9bb4b19927de22f25b77d", size = 10741702, upload-time = "2026-10-01T18:03:10.775Z" },
    { url = "https://files.pythonhosted.org/packages/78/fa/0f9c2020dc316c53d983be011720b8157cc052b97e3f4dfa7db6d0f880a6/ruff-0.16.10-py3-none-win32.whl", hash = "sha256:2a12e01cb9156c10c466f63b46eaae5ecea28dfbd21b5836353ae498e7d1349a", size = 10139176, upload-time = "2026-10-01T18:03:13.267Z" },
    { url = "https://files.pythonhosted.org/packages/99/29/cfb0df9448d4d4ad48c2de029ada9ebd71baa6da983a6c77ee6c6cd0fe82/ruff-0.16.10-py3-none-win_amd64.whl", hash = "sha256:97f2015c92aa97105b0eab19eb5d224884399281cfc5da86a92db4ab5e7fb2ca", size = 10584734, upload-time = "2026-10-01T18:03:16.006Z" },
    { url = "https://files.pythonhosted.org/packages/fc/05/c16957eb287c3fc062e032619a25868d93d408a844b725bcf514f7a378ff/ruff-0.16.10-py3-none-win_arm64.whl", hash = "sha256:25a65fe998c4e6861ec079ada5826a2fc605e6cbccbe9dcd7fac1f54e791621b", size = 10366440, upload-time = "2026-10-01T18:03:19.04Z" },
]

[[package]]
name = "s3transfer"
version = "0.19.2"
source = { registry = "https://pypi.org/simple" }
dependencies = [
    { name = "botocore" },
]
sdist = { url = "https://files.pythonhosted.org/packages/76/43/35e4d8aa320bffe8287fe8f65f578fa2d2db0a64212f0e710dce58267854/s3transfer-0.19.2.tar.gz", hash = "sha256:ba0309fd86be3c27dbf78cdd813c13c5e1df16e5874b99d2535ebbdfb9892993", size = 165592, upload-time = "2026-07-22T19:30:44.432Z" }
wheels = [
    { url = "https://files.pythonhosted.org/packages/bc/e7/5c595c75e9f41a44f30e526eda465ea0b4eec93470e074e4a111b253f13a/s3transfer-0.19.2-py3-none-any.whl", hash = "sha256:d8168eccca828cbb2cd573675333f3bddd254313a9c42494b84c76b539e8ba25", size = 90216, upload-time = "2026-07-22T19:30:43.251Z" },
]

[[package]]
name = "six"
version = "1.17.0"
source = { registry = "https://pypi.org/simple" }
sdist = { url = "https://files.pythonhosted.org/packages/94/e7/b2c673351809dca68a0e064b6af791aa332cf192da575fd474ed7d6f16a2/six-1.17.0.tar.gz", hash = "sha256:ff70335d468e7eb6ec65b95b99d3a2836546063f63acc5171de367e834932a81", size = 34031, upload-time = "2024-12-04T17:35:28.174Z" }
wheels = [
    { url = "https://files.pythonhosted.org/packages/b7/ce/149a00dd41f10bc29e5921b496af8b574d8413afcd5e30dfa0ed46c2cc5e/six-1.17.0-py2.py3-none-any.whl", hash = "sha256:4721f391ed90541fddacab5acf947aa0d3dc7d27b2e1e8eda2be8970586c3274", size = 11050, upload-time = "2024-12-04T17:35:26.475Z" },
]

[[package]]
name = "sniffio"
version = "1.3.1"
source = { registry = "https://pypi.org/simple" }
sdist = { url = "https://files.pythonhosted.org/packages/a2/87/a6771e1546d97e7e041b6ae58d80074f81b7d5121207425c964ddf5cfdbd/sniffio-1.3.1.tar.gz", hash = "sha256:f4324edc670a0f49750a81b895f35c3adb843cca46f0530f79fc1babb23789dc", size = 20372, upload-time = "2024-02-25T23:20:04.057Z" }
wheels = [
    { url = "https://files.pythonhosted.org/packages/e9/44/75a9c9421471a6c4805dbf2356f7c181a29c1879239abab1ea2cc8f38b40/sniffio-1.3.1-py3-none-any.whl", hash = "sha256:2f6da418d1f1e0fddd844478f41680e794e6051915791a034ff65e5f100525a2", size = 10235, upload-time = "2024-02-25T23:20:01.196Z" },
]

[[package]]
name = "sovereign-rag"
version = "0.2.0"
source = { editable = "." }
dependencies = [
    { name = "aws-lambda-powertools" },
    { name = "boto3" },
    { name = "openai", extra = ["bedrock"] },
    { name = "pydantic" },
    { name = "pydantic-settings" },
    { name = "python-ulid" },
    { name = "types-boto3-lite", extra = ["bedrock-agent", "bedrock-agent-runtime", "bedrock-runtime", "dynamodb", "s3"] },
]

[package.dev-dependencies]
dev = [
    { name = "pyright" },
    { name = "ruff" },
]
scripts = [
    { name = "httpx" },
]

[package.metadata]
requires-dist = [
    { name = "aws-lambda-powertools", specifier = ">=3.35.0" },
    { name = "boto3", specifier = ">=1.43.108" },
    { name = "openai", extras = ["bedrock"], specifier = ">=3.24.0" },
    { name = "pydantic", specifier = ">=2.13.5" },
    { name = "pydantic-settings", specifier = ">=2.15.0" },
    { name = "python-ulid", specifier = ">=4.0.1" },
    { name = "types-boto3-lite", extras = ["bedrock-agent", "bedrock-agent-runtime", "bedrock-runtime", "dynamodb", "s3"], specifier = ">=1.43.0" },
]

[package.metadata.requires-dev]
dev = [
    { name = "pyright", specifier = ">=1.1.414" },
    { name = "ruff", specifier = ">=0.16.10" },
]
scripts = [{ name = "httpx", specifier = ">=0.28.1" }]

[[package]]
name = "truststore"
version = "0.10.4"
source = { registry = "https://pypi.org/simple" }
sdist = { url = "https://files.pythonhosted.org/packages/53/a3/1585216310e344e8102c22482f6060c7a6ea0322b63e026372e6dcefcfd6/truststore-0.10.4.tar.gz", hash = "sha256:9d91bd436463ad5e4ee4aba766628dd6cd7010cf3e2461756b3303710eebc301", size = 26169, upload-time = "2025-08-12T18:49:02.73Z" }
wheels = [
    { url = "https://files.pythonhosted.org/packages/19/97/56608b2249fe206a67cd573bc93cd9896e1efb9e98bce9c163bcdc704b88/truststore-0.10.4-py3-none-any.whl", hash = "sha256:adaeaecf1cbb5f4de3b1959b42d41f6fab57b2b1666adb59e89cb0b53361d981", size = 18660, upload-time = "2025-08-12T18:49:01.46Z" },
]

[[package]]
name = "types-boto3-bedrock-agent"
version = "1.43.107"
source = { registry = "https://pypi.org/simple" }
sdist = { url = "https://files.pythonhosted.org/packages/2b/d7/ada81f47f29d9ac7483767f6fa4a1d058312434e4dd9d59684ab4d2f2002/types_boto3_bedrock_agent-1.43.107.tar.gz", hash = "sha256:06a7038748a168ef1c098c94ec210c45cc9bc29ea8bc0e52449cdf752bdc9de8", size = 56928, upload-time = "2026-10-01T20:22:22.911Z" }
wheels = [
    { url = "https://files.pythonhosted.org/packages/57/39/d5c81bb986fd29d82f94e89f426e95f8c89bceee84ef384b9d883d0ef3ec/types_boto3_bedrock_agent-1.43.107-py3-none-any.whl", hash = "sha256:42fe7283de7c4c8f5620af5b37bcfc62ab77c9615d6ccbad41b98bbded049336", size = 63912, upload-time = "2026-10-01T20:22:20.798Z" },
]

[[package]]
name = "types-boto3-bedrock-agent-runtime"
version = "1.43.105"
source = { registry = "https://pypi.org/simple" }
sdist = { url = "https://files.pythonhosted.org/packages/8c/c7/9b8b63711b6482d39948630739f525818990a1e6211f1e54801ce667f18c/types_boto3_bedrock_agent_runtime-1.43.105.tar.gz", hash = "sha256:29c6039a23f22ee094f107f06e67fac17bac44f6e58c2f645b304d184726a455", size = 47193, upload-time = "2026-09-29T22:33:57.179Z" }
wheels = [
    { url = "https://files.pythonhosted.org/packages/41/4a/971599e9d81c060590c54fa6eeb277741a8c5c523f1013d55ff2a74592c7/types_boto3_bedrock_agent_runtime-1.43.105-py3-none-any.whl", hash = "sha256:08518dbb73d9098d14f80def7920b61e73a04960f1bf0b5ae28102d63186fd3b", size = 56646, upload-time = "2026-09-29T22:33:55.961Z" },
]

[[package]]
name = "types-boto3-bedrock-runtime"
version = "1.43.62"
source = { registry = "https://pypi.org/simple" }
sdist = { url = "https://files.pythonhosted.org/packages/13/82/e153b5d139b01be37e80cd74638fb9165dc427d0bbf4d05f5f88fe45ad65/types_boto3_bedrock_runtime-1.43.62.tar.gz", hash = "sha256:cb2627c2462d319548c0d83aa84fb7ae04362bb8c42a1057134a76b29a76daf7", size = 31519, upload-time = "2026-07-31T19:54:06.284Z" }
wheels = [
    { url = "https://files.pythonhosted.org/packages/1b/15/89b13796738f1cc9db27f8e564fa0420b1fde0f610be7d5b20d39d890c35/types_boto3_bedrock_runtime-1.43.62-py3-none-any.whl", hash = "sha256:7239a03d01eed4f6a99934f8228fb52d427443a487eff4eda312b29c9a4b0d26", size = 37841, upload-time = "2026-07-31T19:54:05.174Z" },
]

[[package]]
name = "types-boto3-dynamodb"
version = "1.43.106"
source = { registry = "https://pypi.org/simple" }
sdist = { url = "https://files.pythonhosted.org/packages/ac/7e/3f9818a9bbd0c7c56fd32f050182198a93e470b90d0165d256e8a3b53737/types_boto3_dynamodb-1.43.106.tar.gz", hash = "sha256:afaaacfc2b891a3d1e7d80c0cc1fac31a60732a0ea9ea507445c30f45d77398c", size = 50295, upload-time = "2026-09-30T22:44:17.996Z" }
wheels = [
    { url = "https://files.pythonhosted.org/packages/79/6a/41228904cb7b86c4cc9b8ed88b5aad9e9c6178b9d2d39cff833d28c2d98b/types_boto3_dynamodb-1.43.106-py3-none-any.whl", hash = "sha256:6bc6bf98bc596f69743f4e042c3450be06e883f93584b37cf01b6dcfa0cd472a", size = 60372, upload-time = "2026-09-30T22:44:15.631Z" },
]

[[package]]
name = "types-boto3-lite"
version = "1.43.108"
source = { registry = "https://pypi.org/simple" }
dependencies = [
    { name = "botocore-stubs" },
    { name = "types-s3transfer" },
]
sdist = { url = "https://files.pythonhosted.org/packages/3d/1e/d47d40e54832546ba23763ea365078f0a45f9067d7a6049e38c815b4a666/types_boto3_lite-1.43.108.tar.gz", hash = "sha256:e517aa49928d02e02b8323939432d9314108c3d6d98883aef493c14a6e0e4257", size = 76204, upload-time = "2026-10-02T21:05:53.357Z" }
wheels = [
    { url = "https://files.pythonhosted.org/packages/2d/ef/0172df8487c06454a1b1b7db5eb130fa36b5399941826647532375e3f6ac/types_boto3_lite-1.43.108-py3-none-any.whl", hash = "sha256:7bab3776aa2842ea7445356553700aac580246e5646a2b5dcfe889685cec898b", size = 43546, upload-time = "2026-10-02T21:05:49.733Z" },
]

[package.optional-dependencies]
bedrock-agent = [
    { name = "types-boto3-bedrock-agent" },
]
bedrock-agent-runtime = [
    { name = "types-boto3-bedrock-agent-runtime" },
]
bedrock-runtime = [
    { name = "types-boto3-bedrock-runtime" },
]
dynamodb = [
    { name = "types-boto3-dynamodb" },
]
s3 = [
    { name = "types-boto3-s3" },
]

[[package]]
name = "types-boto3-s3"
version = "1.43.106"
source = { registry = "https://pypi.org/simple" }
sdist = { url = "https://files.pythonhosted.org/packages/43/98/3c6997d7c7b0ee15c90595bb5165913c944f831bd7529458e1248807d75b/types_boto3_s3-1.43.106.tar.gz", hash = "sha256:aaf25465555efcb54586b141834cd108b2bd0a6f3229e46e72e20675fcd79f35", size = 79270, upload-time = "2026-09-30T22:44:27.614Z" }
wheels = [
    { url = "https://files.pythonhosted.org/packages/ba/ba/176046d5287c59cf50e4d1bcc4ddb592a8e4b2e6ef33fa3910f97807e88f/types_boto3_s3-1.43.106-py3-none-any.whl", hash = "sha256:a08d18cacdbe77ae8a8e6ed79bbec0b3deaae9eda35d55def30ce72f41440950", size = 86607, upload-time = "2026-09-30T22:44:25.295Z" },
]

[[package]]
name = "types-s3transfer"
version = "0.16.0"
source = { registry = "https://pypi.org/simple" }
sdist = { url = "https://files.pythonhosted.org/packages/fe/64/42689150509eb3e6e82b33ee3d89045de1592488842ddf23c56957786d05/types_s3transfer-0.16.0.tar.gz", hash = "sha256:b4636472024c5e2b62278c5b759661efeb52a81851cde5f092f24100b1ecb443", size = 13557, upload-time = "2025-12-08T08:13:09.928Z" }
wheels = [
    { url = "https://files.pythonhosted.org/packages/98/27/e88220fe6274eccd3bdf95d9382918716d312f6f6cef6a46332d1ee2feff/types_s3transfer-0.16.0-py3-none-any.whl", hash = "sha256:1c0cd111ecf6e21437cb410f5cddb631bfb2263b77ad973e79b9c6d0cb24e0ef", size = 19247, upload-time = "2025-12-08T08:13:08.426Z" },
]

[[package]]
name = "typing-extensions"
version = "4.16.0"
source = { registry = "https://pypi.org/simple" }
sdist = { url = "https://files.pythonhosted.org/packages/f6/cc/6253133b5bb138fc3306cebfbda2c520f545d36b5be2c7255cc528bb45d6/typing_extensions-4.16.0.tar.gz", hash = "sha256:dc983d19a509c94dba722ee6abd33940f7c05a89e243c47e907eb4db6f1a43e5", size = 113555, upload-time = "2026-07-02T08:40:05.92Z" }
wheels = [
    { url = "https://files.pythonhosted.org/packages/49/d3/b8441a820a491ddfc024b0b0cf0393375b75ea13866d9c66727e54c2fc80/typing_extensions-4.16.0-py3-none-any.whl", hash = "sha256:481caa481374e813c1b176ada14e97f1f67a4539ce9cfeb3f350d78d6370c2e8", size = 45571, upload-time = "2026-07-02T08:40:04.659Z" },
]

[[package]]
name = "typing-inspection"
version = "0.4.4"
source = { registry = "https://pypi.org/simple" }
dependencies = [
    { name = "typing-extensions" },
]
sdist = { url = "https://files.pythonhosted.org/packages/a3/26/b09b8010994eccc3c09092e6b34058f36a460eea2d4c3e8b910c695975a0/typing_inspection-0.4.4.tar.gz", hash = "sha256:547274fa6b0a561ccf549cc9524b999a578e737d015d8709d021f9d0d13bea47", size = 76928, upload-time = "2026-08-12T12:37:25.997Z" }
wheels = [
    { url = "https://files.pythonhosted.org/packages/67/81/4add07e5172b7ac40d8ed5ff580409a7801a4fe26d529bdd915401dabfbe/typing_inspection-0.4.4-py3-none-any.whl", hash = "sha256:65b8397ba37ccbce054456aaccddfc91e6e3083c92824df348d96ca832f3f147", size = 14750, upload-time = "2026-08-12T12:37:24.648Z" },
]

[[package]]
name = "urllib3"
version = "2.8.0"
source = { registry = "https://pypi.org/simple" }
sdist = { url = "https://files.pythonhosted.org/packages/e3/05/b17359e1cefb4f909b5e40b1b90a496d987258916dbbf88e842c729f510e/urllib3-2.8.0.tar.gz", hash = "sha256:63bf2ead4c879426ebf22ef2a781eeb4aa3b4ae798a0435506f8687fd5bb9b63", size = 458972, upload-time = "2026-09-15T19:29:36.253Z" }
wheels = [
    { url = "https://files.pythonhosted.org/packages/92/9d/c4e665119135114480843e7ab388fa94d8480650450e6f8e26b70d323a4c/urllib3-2.8.0-py3-none-any.whl", hash = "sha256:0cf3cae568d36aa9576b28dfb35f11328f1cb974ca7647d9475ebb86c75ac6e3", size = 135717, upload-time = "2026-09-15T19:29:34.577Z" },
]
